// !$*UTF8*$!
{
	archiveVersion = 1;
	classes = {
	};
	objectVersion = 46;
	objects = {

/* Begin PBXBuildFile section */
		B52C6D7919EC7FDB00F8D7E2 /* AppDelegate.swift in Sources */ = {isa = PBXBuildFile; fileRef = B52C6D7819EC7FDB00F8D7E2 /* AppDelegate.swift */; };
		B52C6D7B19EC7FDB00F8D7E2 /* ViewController.swift in Sources */ = {isa = PBXBuildFile; fileRef = B52C6D7A19EC7FDB00F8D7E2 /* ViewController.swift */; };
		B52C6D7E19EC7FDB00F8D7E2 /* Main.storyboard in Resources */ = {isa = PBXBuildFile; fileRef = B52C6D7C19EC7FDB00F8D7E2 /* Main.storyboard */; };
		B52C6D8019EC7FDB00F8D7E2 /* Images.xcassets in Resources */ = {isa = PBXBuildFile; fileRef = B52C6D7F19EC7FDB00F8D7E2 /* Images.xcassets */; };
		B52C6D8319EC7FDB00F8D7E2 /* LaunchScreen.xib in Resources */ = {isa = PBXBuildFile; fileRef = B52C6D8119EC7FDB00F8D7E2 /* LaunchScreen.xib */; };
		B52C6DAB19EC802E00F8D7E2 /* SwiftestController.swift in Sources */ = {isa = PBXBuildFile; fileRef = B52C6DAA19EC802E00F8D7E2 /* SwiftestController.swift */; };
		B52C6DAD19EC802E00F8D7E2 /* AppDelegate.swift in Sources */ = {isa = PBXBuildFile; fileRef = B52C6DAC19EC802E00F8D7E2 /* AppDelegate.swift */; };
		B52C6DB019EC802E00F8D7E2 /* Main.storyboard in Resources */ = {isa = PBXBuildFile; fileRef = B52C6DAE19EC802E00F8D7E2 /* Main.storyboard */; };
		B52C6DB219EC802E00F8D7E2 /* Images.xcassets in Resources */ = {isa = PBXBuildFile; fileRef = B52C6DB119EC802E00F8D7E2 /* Images.xcassets */; };
		B547359719F052D500B4DC6F /* UIPort.swift in Sources */ = {isa = PBXBuildFile; fileRef = B547359619F052D500B4DC6F /* UIPort.swift */; };
		B547359819F052D500B4DC6F /* UIPort.swift in Sources */ = {isa = PBXBuildFile; fileRef = B547359619F052D500B4DC6F /* UIPort.swift */; };
		B547359C19F052E800B4DC6F /* UIPortSpec.swift in Sources */ = {isa = PBXBuildFile; fileRef = B547359B19F052E800B4DC6F /* UIPortSpec.swift */; };
		B547359E19F0555400B4DC6F /* UIAdapterProtocol.swift in Sources */ = {isa = PBXBuildFile; fileRef = B547359D19F0555400B4DC6F /* UIAdapterProtocol.swift */; };
		B547359F19F0555400B4DC6F /* UIAdapterProtocol.swift in Sources */ = {isa = PBXBuildFile; fileRef = B547359D19F0555400B4DC6F /* UIAdapterProtocol.swift */; };
		B559559B19EDBC6600275421 /* Board.swift in Sources */ = {isa = PBXBuildFile; fileRef = B559559A19EDBC6600275421 /* Board.swift */; };
		B559559C19EDBC6600275421 /* Board.swift in Sources */ = {isa = PBXBuildFile; fileRef = B559559A19EDBC6600275421 /* Board.swift */; };
		B559559E19EDBC7800275421 /* BoardSpec.swift in Sources */ = {isa = PBXBuildFile; fileRef = B559559D19EDBC7800275421 /* BoardSpec.swift */; };
		B55955A019EDC9E400275421 /* Game.swift in Sources */ = {isa = PBXBuildFile; fileRef = B559559F19EDC9E400275421 /* Game.swift */; };
		B55955A119EDC9E400275421 /* Game.swift in Sources */ = {isa = PBXBuildFile; fileRef = B559559F19EDC9E400275421 /* Game.swift */; };
		B55955A319EDC9F400275421 /* GameSpec.swift in Sources */ = {isa = PBXBuildFile; fileRef = B55955A219EDC9F400275421 /* GameSpec.swift */; };
		B55955A519EDD46B00275421 /* VictoryConditions.swift in Sources */ = {isa = PBXBuildFile; fileRef = B55955A419EDD46B00275421 /* VictoryConditions.swift */; };
		B55955A619EDD46B00275421 /* VictoryConditions.swift in Sources */ = {isa = PBXBuildFile; fileRef = B55955A419EDD46B00275421 /* VictoryConditions.swift */; };
		B55955A819EDD47D00275421 /* VictoryConditionsSpec.swift in Sources */ = {isa = PBXBuildFile; fileRef = B55955A719EDD47D00275421 /* VictoryConditionsSpec.swift */; };
		B55955AA19EDF64B00275421 /* TestBoard.swift in Sources */ = {isa = PBXBuildFile; fileRef = B55955A919EDF64B00275421 /* TestBoard.swift */; };
/* End PBXBuildFile section */

/* Begin PBXContainerItemProxy section */
		B52C6D9D19EC801700F8D7E2 /* PBXContainerItemProxy */ = {
			isa = PBXContainerItemProxy;
			containerPortal = B52C6D9819EC801700F8D7E2 /* Swiftest.xcodeproj */;
			proxyType = 2;
			remoteGlobalIDString = 953F36F819758D1700718CF1;
			remoteInfo = Swiftest;
		};
		B52C6D9F19EC801700F8D7E2 /* PBXContainerItemProxy */ = {
			isa = PBXContainerItemProxy;
			containerPortal = B52C6D9819EC801700F8D7E2 /* Swiftest.xcodeproj */;
			proxyType = 2;
			remoteGlobalIDString = 956FD60619820D5700699AD8;
			remoteInfo = SwiftestSpecs;
		};
		B596D19519F183690072C10F /* PBXContainerItemProxy */ = {
			isa = PBXContainerItemProxy;
			containerPortal = B52C6D9819EC801700F8D7E2 /* Swiftest.xcodeproj */;
			proxyType = 1;
			remoteGlobalIDString = 953F36F719758D1700718CF1;
			remoteInfo = Swiftest;
		};
/* End PBXContainerItemProxy section */

/* Begin PBXFileReference section */
		B52C6D7319EC7FDB00F8D7E2 /* TicTacToeSwift.app */ = {isa = PBXFileReference; explicitFileType = wrapper.application; includeInIndex = 0; path = TicTacToeSwift.app; sourceTree = BUILT_PRODUCTS_DIR; };
		B52C6D7719EC7FDB00F8D7E2 /* Info.plist */ = {isa = PBXFileReference; lastKnownFileType = text.plist.xml; path = Info.plist; sourceTree = "<group>"; };
		B52C6D7819EC7FDB00F8D7E2 /* AppDelegate.swift */ = {isa = PBXFileReference; lastKnownFileType = sourcecode.swift; path = AppDelegate.swift; sourceTree = "<group>"; };
		B52C6D7A19EC7FDB00F8D7E2 /* ViewController.swift */ = {isa = PBXFileReference; lastKnownFileType = sourcecode.swift; path = ViewController.swift; sourceTree = "<group>"; };
		B52C6D7D19EC7FDB00F8D7E2 /* Base */ = {isa = PBXFileReference; lastKnownFileType = file.storyboard; name = Base; path = Base.lproj/Main.storyboard; sourceTree = "<group>"; };
		B52C6D7F19EC7FDB00F8D7E2 /* Images.xcassets */ = {isa = PBXFileReference; lastKnownFileType = folder.assetcatalog; path = Images.xcassets; sourceTree = "<group>"; };
		B52C6D8219EC7FDB00F8D7E2 /* Base */ = {isa = PBXFileReference; lastKnownFileType = file.xib; name = Base; path = Base.lproj/LaunchScreen.xib; sourceTree = "<group>"; };
		B52C6D9819EC801700F8D7E2 /* Swiftest.xcodeproj */ = {isa = PBXFileReference; lastKnownFileType = "wrapper.pb-project"; name = Swiftest.xcodeproj; path = Swiftest/src/Swiftest/Swiftest.xcodeproj; sourceTree = "<group>"; };
		B52C6DA519EC802E00F8D7E2 /* TicTacToeSwiftSpecs.app */ = {isa = PBXFileReference; explicitFileType = wrapper.application; includeInIndex = 0; path = TicTacToeSwiftSpecs.app; sourceTree = BUILT_PRODUCTS_DIR; };
		B52C6DA819EC802E00F8D7E2 /* Info.plist */ = {isa = PBXFileReference; lastKnownFileType = text.plist.xml; path = Info.plist; sourceTree = "<group>"; };
		B52C6DAA19EC802E00F8D7E2 /* SwiftestController.swift */ = {isa = PBXFileReference; lastKnownFileType = sourcecode.swift; name = SwiftestController.swift; path = Support/SwiftestController.swift; sourceTree = "<group>"; };
		B52C6DAC19EC802E00F8D7E2 /* AppDelegate.swift */ = {isa = PBXFileReference; lastKnownFileType = sourcecode.swift; name = AppDelegate.swift; path = Support/AppDelegate.swift; sourceTree = "<group>"; };
		B52C6DAF19EC802E00F8D7E2 /* Base */ = {isa = PBXFileReference; lastKnownFileType = file.storyboard; name = Base; path = Base.lproj/Main.storyboard; sourceTree = "<group>"; };
		B52C6DB119EC802E00F8D7E2 /* Images.xcassets */ = {isa = PBXFileReference; lastKnownFileType = folder.assetcatalog; path = Images.xcassets; sourceTree = "<group>"; };
		B547359619F052D500B4DC6F /* UIPort.swift */ = {isa = PBXFileReference; fileEncoding = 4; lastKnownFileType = sourcecode.swift; path = UIPort.swift; sourceTree = "<group>"; };
		B547359B19F052E800B4DC6F /* UIPortSpec.swift */ = {isa = PBXFileReference; fileEncoding = 4; lastKnownFileType = sourcecode.swift; path = UIPortSpec.swift; sourceTree = "<group>"; };
		B547359D19F0555400B4DC6F /* UIAdapterProtocol.swift */ = {isa = PBXFileReference; fileEncoding = 4; lastKnownFileType = sourcecode.swift; path = UIAdapterProtocol.swift; sourceTree = "<group>"; };
		B559559A19EDBC6600275421 /* Board.swift */ = {isa = PBXFileReference; fileEncoding = 4; lastKnownFileType = sourcecode.swift; path = Board.swift; sourceTree = "<group>"; };
		B559559D19EDBC7800275421 /* BoardSpec.swift */ = {isa = PBXFileReference; fileEncoding = 4; lastKnownFileType = sourcecode.swift; path = BoardSpec.swift; sourceTree = "<group>"; };
		B559559F19EDC9E400275421 /* Game.swift */ = {isa = PBXFileReference; fileEncoding = 4; lastKnownFileType = sourcecode.swift; path = Game.swift; sourceTree = "<group>"; };
		B55955A219EDC9F400275421 /* GameSpec.swift */ = {isa = PBXFileReference; fileEncoding = 4; lastKnownFileType = sourcecode.swift; path = GameSpec.swift; sourceTree = "<group>"; };
		B55955A419EDD46B00275421 /* VictoryConditions.swift */ = {isa = PBXFileReference; fileEncoding = 4; lastKnownFileType = sourcecode.swift; path = VictoryConditions.swift; sourceTree = "<group>"; };
		B55955A719EDD47D00275421 /* VictoryConditionsSpec.swift */ = {isa = PBXFileReference; fileEncoding = 4; lastKnownFileType = sourcecode.swift; path = VictoryConditionsSpec.swift; sourceTree = "<group>"; };
		B55955A919EDF64B00275421 /* TestBoard.swift */ = {isa = PBXFileReference; fileEncoding = 4; lastKnownFileType = sourcecode.swift; path = TestBoard.swift; sourceTree = "<group>"; };
/* End PBXFileReference section */

/* Begin PBXFrameworksBuildPhase section */
		B52C6D7019EC7FDA00F8D7E2 /* Frameworks */ = {
			isa = PBXFrameworksBuildPhase;
			buildActionMask = 2147483647;
			files = (
			);
			runOnlyForDeploymentPostprocessing = 0;
		};
		B52C6DA219EC802E00F8D7E2 /* Frameworks */ = {
			isa = PBXFrameworksBuildPhase;
			buildActionMask = 2147483647;
			files = (
			);
			runOnlyForDeploymentPostprocessing = 0;
		};
/* End PBXFrameworksBuildPhase section */

/* Begin PBXGroup section */
		B52C6D6A19EC7FDA00F8D7E2 = {
			isa = PBXGroup;
			children = (
				B52C6D9819EC801700F8D7E2 /* Swiftest.xcodeproj */,
				B52C6D7519EC7FDB00F8D7E2 /* TicTacToeSwift */,
				B52C6DA619EC802E00F8D7E2 /* TicTacToeSwiftSpecs */,
				B52C6D7419EC7FDB00F8D7E2 /* Products */,
			);
			sourceTree = "<group>";
		};
		B52C6D7419EC7FDB00F8D7E2 /* Products */ = {
			isa = PBXGroup;
			children = (
				B52C6D7319EC7FDB00F8D7E2 /* TicTacToeSwift.app */,
				B52C6DA519EC802E00F8D7E2 /* TicTacToeSwiftSpecs.app */,
			);
			name = Products;
			sourceTree = "<group>";
		};
		B52C6D7519EC7FDB00F8D7E2 /* TicTacToeSwift */ = {
			isa = PBXGroup;
			children = (
				B52C6D7819EC7FDB00F8D7E2 /* AppDelegate.swift */,
				B52C6D7A19EC7FDB00F8D7E2 /* ViewController.swift */,
				B52C6D7C19EC7FDB00F8D7E2 /* Main.storyboard */,
				B52C6D7F19EC7FDB00F8D7E2 /* Images.xcassets */,
				B52C6D8119EC7FDB00F8D7E2 /* LaunchScreen.xib */,
				B52C6D7619EC7FDB00F8D7E2 /* Supporting Files */,
				B559559A19EDBC6600275421 /* Board.swift */,
				B559559F19EDC9E400275421 /* Game.swift */,
				B55955A419EDD46B00275421 /* VictoryConditions.swift */,
				B547359619F052D500B4DC6F /* UIPort.swift */,
				B547359D19F0555400B4DC6F /* UIAdapterProtocol.swift */,
			);
			path = TicTacToeSwift;
			sourceTree = "<group>";
		};
		B52C6D7619EC7FDB00F8D7E2 /* Supporting Files */ = {
			isa = PBXGroup;
			children = (
				B52C6D7719EC7FDB00F8D7E2 /* Info.plist */,
			);
			name = "Supporting Files";
			sourceTree = "<group>";
		};
		B52C6D9919EC801700F8D7E2 /* Products */ = {
			isa = PBXGroup;
			children = (
				B52C6D9E19EC801700F8D7E2 /* Swiftest.framework */,
				B52C6DA019EC801700F8D7E2 /* SwiftestSpecs */,
			);
			name = Products;
			sourceTree = "<group>";
		};
		B52C6DA619EC802E00F8D7E2 /* TicTacToeSwiftSpecs */ = {
			isa = PBXGroup;
			children = (
				B52C6DB119EC802E00F8D7E2 /* Images.xcassets */,
				B52C6DA919EC802E00F8D7E2 /* Support */,
				B52C6DA719EC802E00F8D7E2 /* Supporting Files */,
				B559559D19EDBC7800275421 /* BoardSpec.swift */,
				B55955A219EDC9F400275421 /* GameSpec.swift */,
				B55955A719EDD47D00275421 /* VictoryConditionsSpec.swift */,
				B55955A919EDF64B00275421 /* TestBoard.swift */,
				B547359B19F052E800B4DC6F /* UIPortSpec.swift */,
			);
			path = TicTacToeSwiftSpecs;
			sourceTree = "<group>";
		};
		B52C6DA719EC802E00F8D7E2 /* Supporting Files */ = {
			isa = PBXGroup;
			children = (
				B52C6DA819EC802E00F8D7E2 /* Info.plist */,
			);
			name = "Supporting Files";
			sourceTree = "<group>";
		};
		B52C6DA919EC802E00F8D7E2 /* Support */ = {
			isa = PBXGroup;
			children = (
				B52C6DAA19EC802E00F8D7E2 /* SwiftestController.swift */,
				B52C6DAC19EC802E00F8D7E2 /* AppDelegate.swift */,
				B52C6DAE19EC802E00F8D7E2 /* Main.storyboard */,
			);
			name = Support;
			sourceTree = "<group>";
		};
/* End PBXGroup section */

/* Begin PBXNativeTarget section */
		B52C6D7219EC7FDA00F8D7E2 /* TicTacToeSwift */ = {
			isa = PBXNativeTarget;
			buildConfigurationList = B52C6D9219EC7FDB00F8D7E2 /* Build configuration list for PBXNativeTarget "TicTacToeSwift" */;
			buildPhases = (
				B52C6D6F19EC7FDA00F8D7E2 /* Sources */,
				B52C6D7019EC7FDA00F8D7E2 /* Frameworks */,
				B52C6D7119EC7FDA00F8D7E2 /* Resources */,
			);
			buildRules = (
			);
			dependencies = (
			);
			name = TicTacToeSwift;
			productName = TicTacToeSwift;
			productReference = B52C6D7319EC7FDB00F8D7E2 /* TicTacToeSwift.app */;
			productType = "com.apple.product-type.application";
		};
		B52C6DA419EC802E00F8D7E2 /* TicTacToeSwiftSpecs */ = {
			isa = PBXNativeTarget;
			buildConfigurationList = B52C6DB319EC802E00F8D7E2 /* Build configuration list for PBXNativeTarget "TicTacToeSwiftSpecs" */;
			buildPhases = (
				B52C6DA119EC802E00F8D7E2 /* Sources */,
				B52C6DA219EC802E00F8D7E2 /* Frameworks */,
				B52C6DA319EC802E00F8D7E2 /* Resources */,
			);
			buildRules = (
			);
			dependencies = (
				B596D19619F183690072C10F /* PBXTargetDependency */,
			);
			name = TicTacToeSwiftSpecs;
			productName = TicTacToeSwiftSpecs;
			productReference = B52C6DA519EC802E00F8D7E2 /* TicTacToeSwiftSpecs.app */;
			productType = "com.apple.product-type.application";
		};
/* End PBXNativeTarget section */

/* Begin PBXProject section */
		B52C6D6B19EC7FDA00F8D7E2 /* Project object */ = {
			isa = PBXProject;
			attributes = {
				LastUpgradeCheck = 0600;
				ORGANIZATIONNAME = bspatafora.com;
				TargetAttributes = {
					B52C6D7219EC7FDA00F8D7E2 = {
						CreatedOnToolsVersion = 6.0.1;
					};
					B52C6DA419EC802E00F8D7E2 = {
						CreatedOnToolsVersion = 6.0.1;
					};
				};
			};
			buildConfigurationList = B52C6D6E19EC7FDA00F8D7E2 /* Build configuration list for PBXProject "TicTacToeSwift" */;
			compatibilityVersion = "Xcode 3.2";
			developmentRegion = English;
			hasScannedForEncodings = 0;
			knownRegions = (
				en,
				Base,
			);
			mainGroup = B52C6D6A19EC7FDA00F8D7E2;
			productRefGroup = B52C6D7419EC7FDB00F8D7E2 /* Products */;
			projectDirPath = "";
			projectReferences = (
				{
					ProductGroup = B52C6D9919EC801700F8D7E2 /* Products */;
					ProjectRef = B52C6D9819EC801700F8D7E2 /* Swiftest.xcodeproj */;
				},
			);
			projectRoot = "";
			targets = (
				B52C6D7219EC7FDA00F8D7E2 /* TicTacToeSwift */,
				B52C6DA419EC802E00F8D7E2 /* TicTacToeSwiftSpecs */,
			);
		};
/* End PBXProject section */

/* Begin PBXReferenceProxy section */
		B52C6D9E19EC801700F8D7E2 /* Swiftest.framework */ = {
			isa = PBXReferenceProxy;
			fileType = wrapper.framework;
			path = Swiftest.framework;
			remoteRef = B52C6D9D19EC801700F8D7E2 /* PBXContainerItemProxy */;
			sourceTree = BUILT_PRODUCTS_DIR;
		};
		B52C6DA019EC801700F8D7E2 /* SwiftestSpecs */ = {
			isa = PBXReferenceProxy;
			fileType = "compiled.mach-o.executable";
			path = SwiftestSpecs;
			remoteRef = B52C6D9F19EC801700F8D7E2 /* PBXContainerItemProxy */;
			sourceTree = BUILT_PRODUCTS_DIR;
		};
/* End PBXReferenceProxy section */

/* Begin PBXResourcesBuildPhase section */
		B52C6D7119EC7FDA00F8D7E2 /* Resources */ = {
			isa = PBXResourcesBuildPhase;
			buildActionMask = 2147483647;
			files = (
				B52C6D7E19EC7FDB00F8D7E2 /* Main.storyboard in Resources */,
				B52C6D8319EC7FDB00F8D7E2 /* LaunchScreen.xib in Resources */,
				B52C6D8019EC7FDB00F8D7E2 /* Images.xcassets in Resources */,
			);
			runOnlyForDeploymentPostprocessing = 0;
		};
		B52C6DA319EC802E00F8D7E2 /* Resources */ = {
			isa = PBXResourcesBuildPhase;
			buildActionMask = 2147483647;
			files = (
				B52C6DB019EC802E00F8D7E2 /* Main.storyboard in Resources */,
				B52C6DB219EC802E00F8D7E2 /* Images.xcassets in Resources */,
			);
			runOnlyForDeploymentPostprocessing = 0;
		};
/* End PBXResourcesBuildPhase section */

/* Begin PBXSourcesBuildPhase section */
		B52C6D6F19EC7FDA00F8D7E2 /* Sources */ = {
			isa = PBXSourcesBuildPhase;
			buildActionMask = 2147483647;
			files = (
				B547359E19F0555400B4DC6F /* UIAdapterProtocol.swift in Sources */,
				B52C6D7B19EC7FDB00F8D7E2 /* ViewController.swift in Sources */,
				B52C6D7919EC7FDB00F8D7E2 /* AppDelegate.swift in Sources */,
				B559559B19EDBC6600275421 /* Board.swift in Sources */,
				B55955A019EDC9E400275421 /* Game.swift in Sources */,
				B547359719F052D500B4DC6F /* UIPort.swift in Sources */,
				B55955A519EDD46B00275421 /* VictoryConditions.swift in Sources */,
			);
			runOnlyForDeploymentPostprocessing = 0;
		};
		B52C6DA119EC802E00F8D7E2 /* Sources */ = {
			isa = PBXSourcesBuildPhase;
			buildActionMask = 2147483647;
			files = (
				B55955A319EDC9F400275421 /* GameSpec.swift in Sources */,
				B52C6DAD19EC802E00F8D7E2 /* AppDelegate.swift in Sources */,
				B55955AA19EDF64B00275421 /* TestBoard.swift in Sources */,
				B547359F19F0555400B4DC6F /* UIAdapterProtocol.swift in Sources */,
				B547359C19F052E800B4DC6F /* UIPortSpec.swift in Sources */,
				B55955A119EDC9E400275421 /* Game.swift in Sources */,
				B55955A819EDD47D00275421 /* VictoryConditionsSpec.swift in Sources */,
				B55955A619EDD46B00275421 /* VictoryConditions.swift in Sources */,
				B547359819F052D500B4DC6F /* UIPort.swift in Sources */,
				B559559E19EDBC7800275421 /* BoardSpec.swift in Sources */,
				B52C6DAB19EC802E00F8D7E2 /* SwiftestController.swift in Sources */,
				B559559C19EDBC6600275421 /* Board.swift in Sources */,
			);
			runOnlyForDeploymentPostprocessing = 0;
		};
/* End PBXSourcesBuildPhase section */

/* Begin PBXTargetDependency section */
		B596D19619F183690072C10F /* PBXTargetDependency */ = {
			isa = PBXTargetDependency;
			name = Swiftest;
			targetProxy = B596D19519F183690072C10F /* PBXContainerItemProxy */;
		};
/* End PBXTargetDependency section */

/* Begin PBXVariantGroup section */
		B52C6D7C19EC7FDB00F8D7E2 /* Main.storyboard */ = {
			isa = PBXVariantGroup;
			children = (
				B52C6D7D19EC7FDB00F8D7E2 /* Base */,
			);
			name = Main.storyboard;
			sourceTree = "<group>";
		};
		B52C6D8119EC7FDB00F8D7E2 /* LaunchScreen.xib */ = {
			isa = PBXVariantGroup;
			children = (
				B52C6D8219EC7FDB00F8D7E2 /* Base */,
			);
			name = LaunchScreen.xib;
			sourceTree = "<group>";
		};
		B52C6DAE19EC802E00F8D7E2 /* Main.storyboard */ = {
			isa = PBXVariantGroup;
			children = (
				B52C6DAF19EC802E00F8D7E2 /* Base */,
			);
			name = Main.storyboard;
			sourceTree = "<group>";
		};
/* End PBXVariantGroup section */

/* Begin XCBuildConfiguration section */
		B52C6D9019EC7FDB00F8D7E2 /* Debug */ = {
			isa = XCBuildConfiguration;
			buildSettings = {
				ALWAYS_SEARCH_USER_PATHS = NO;
				CLANG_CXX_LANGUAGE_STANDARD = "gnu++0x";
				CLANG_CXX_LIBRARY = "libc++";
				CLANG_ENABLE_MODULES = YES;
				CLANG_ENABLE_OBJC_ARC = YES;
				CLANG_WARN_BOOL_CONVERSION = YES;
				CLANG_WARN_CONSTANT_CONVERSION = YES;
				CLANG_WARN_DIRECT_OBJC_ISA_USAGE = YES_ERROR;
				CLANG_WARN_EMPTY_BODY = YES;
				CLANG_WARN_ENUM_CONVERSION = YES;
				CLANG_WARN_INT_CONVERSION = YES;
				CLANG_WARN_OBJC_ROOT_CLASS = YES_ERROR;
				CLANG_WARN_UNREACHABLE_CODE = YES;
				CLANG_WARN__DUPLICATE_METHOD_MATCH = YES;
				"CODE_SIGN_IDENTITY[sdk=iphoneos*]" = "iPhone Developer";
				COPY_PHASE_STRIP = NO;
				ENABLE_STRICT_OBJC_MSGSEND = YES;
				GCC_C_LANGUAGE_STANDARD = gnu99;
				GCC_DYNAMIC_NO_PIC = NO;
				GCC_OPTIMIZATION_LEVEL = 0;
				GCC_PREPROCESSOR_DEFINITIONS = (
					"DEBUG=1",
					"$(inherited)",
				);
				GCC_SYMBOLS_PRIVATE_EXTERN = NO;
				GCC_WARN_64_TO_32_BIT_CONVERSION = YES;
				GCC_WARN_ABOUT_RETURN_TYPE = YES_ERROR;
				GCC_WARN_UNDECLARED_SELECTOR = YES;
				GCC_WARN_UNINITIALIZED_AUTOS = YES_AGGRESSIVE;
				GCC_WARN_UNUSED_FUNCTION = YES;
				GCC_WARN_UNUSED_VARIABLE = YES;
				IPHONEOS_DEPLOYMENT_TARGET = 8.0;
				MTL_ENABLE_DEBUG_INFO = YES;
				ONLY_ACTIVE_ARCH = YES;
				SDKROOT = iphoneos;
				SWIFT_OPTIMIZATION_LEVEL = "-Onone";
				TARGETED_DEVICE_FAMILY = "1,2";
			};
			name = Debug;
		};
		B52C6D9119EC7FDB00F8D7E2 /* Release */ = {
			isa = XCBuildConfiguration;
			buildSettings = {
				ALWAYS_SEARCH_USER_PATHS = NO;
				CLANG_CXX_LANGUAGE_STANDARD = "gnu++0x";
				CLANG_CXX_LIBRARY = "libc++";
				CLANG_ENABLE_MODULES = YES;
				CLANG_ENABLE_OBJC_ARC = YES;
				CLANG_WARN_BOOL_CONVERSION = YES;
				CLANG_WARN_CONSTANT_CONVERSION = YES;
				CLANG_WARN_DIRECT_OBJC_ISA_USAGE = YES_ERROR;
				CLANG_WARN_EMPTY_BODY = YES;
				CLANG_WARN_ENUM_CONVERSION = YES;
				CLANG_WARN_INT_CONVERSION = YES;
				CLANG_WARN_OBJC_ROOT_CLASS = YES_ERROR;
				CLANG_WARN_UNREACHABLE_CODE = YES;
				CLANG_WARN__DUPLICATE_METHOD_MATCH = YES;
				"CODE_SIGN_IDENTITY[sdk=iphoneos*]" = "iPhone Developer";
				COPY_PHASE_STRIP = YES;
				ENABLE_NS_ASSERTIONS = NO;
				ENABLE_STRICT_OBJC_MSGSEND = YES;
				GCC_C_LANGUAGE_STANDARD = gnu99;
				GCC_WARN_64_TO_32_BIT_CONVERSION = YES;
				GCC_WARN_ABOUT_RETURN_TYPE = YES_ERROR;
				GCC_WARN_UNDECLARED_SELECTOR = YES;
				GCC_WARN_UNINITIALIZED_AUTOS = YES_AGGRESSIVE;
				GCC_WARN_UNUSED_FUNCTION = YES;
				GCC_WARN_UNUSED_VARIABLE = YES;
				IPHONEOS_DEPLOYMENT_TARGET = 8.0;
				MTL_ENABLE_DEBUG_INFO = NO;
				SDKROOT = iphoneos;
				TARGETED_DEVICE_FAMILY = "1,2";
				VALIDATE_PRODUCT = YES;
			};
			name = Release;
		};
		B52C6D9319EC7FDB00F8D7E2 /* Debug */ = {
			isa = XCBuildConfiguration;
			buildSettings = {
				ASSETCATALOG_COMPILER_APPICON_NAME = AppIcon;
				INFOPLIST_FILE = TicTacToeSwift/Info.plist;
				LD_RUNPATH_SEARCH_PATHS = "$(inherited) @executable_path/Frameworks";
				PRODUCT_NAME = "$(TARGET_NAME)";
			};
			name = Debug;
		};
		B52C6D9419EC7FDB00F8D7E2 /* Release */ = {
			isa = XCBuildConfiguration;
			buildSettings = {
				ASSETCATALOG_COMPILER_APPICON_NAME = AppIcon;
				INFOPLIST_FILE = TicTacToeSwift/Info.plist;
				LD_RUNPATH_SEARCH_PATHS = "$(inherited) @executable_path/Frameworks";
				PRODUCT_NAME = "$(TARGET_NAME)";
			};
			name = Release;
		};
		B52C6DB419EC802E00F8D7E2 /* Debug */ = {
			isa = XCBuildConfiguration;
			buildSettings = {
				ASSETCATALOG_COMPILER_APPICON_NAME = AppIcon;
				ASSETCATALOG_COMPILER_LAUNCHIMAGE_NAME = LaunchImage;
				GCC_PREPROCESSOR_DEFINITIONS = (
					"DEBUG=1",
					"$(inherited)",
				);
				INFOPLIST_FILE = TicTacToeSwiftSpecs/Info.plist;
				LD_RUNPATH_SEARCH_PATHS = "$(inherited) @executable_path/Frameworks";
				PRODUCT_NAME = "$(TARGET_NAME)";
			};
			name = Debug;
		};
		B52C6DB519EC802E00F8D7E2 /* Release */ = {
			isa = XCBuildConfiguration;
			buildSettings = {
				ASSETCATALOG_COMPILER_APPICON_NAME = AppIcon;
				ASSETCATALOG_COMPILER_LAUNCHIMAGE_NAME = LaunchImage;
				INFOPLIST_FILE = TicTacToeSwiftSpecs/Info.plist;
				LD_RUNPATH_SEARCH_PATHS = "$(inherited) @executable_path/Frameworks";
				PRODUCT_NAME = "$(TARGET_NAME)";
			};
			name = Release;
		};
/* End XCBuildConfiguration section */

/* Begin XCConfigurationList section */
		B52C6D6E19EC7FDA00F8D7E2 /* Build configuration list for PBXProject "TicTacToeSwift" */ = {
			isa = XCConfigurationList;
			buildConfigurations = (
				B52C6D9019EC7FDB00F8D7E2 /* Debug */,
				B52C6D9119EC7FDB00F8D7E2 /* Release */,
			);
			defaultConfigurationIsVisible = 0;
			defaultConfigurationName = Release;
		};
		B52C6D9219EC7FDB00F8D7E2 /* Build configuration list for PBXNativeTarget "TicTacToeSwift" */ = {
			isa = XCConfigurationList;
			buildConfigurations = (
				B52C6D9319EC7FDB00F8D7E2 /* Debug */,
				B52C6D9419EC7FDB00F8D7E2 /* Release */,
			);
			defaultConfigurationIsVisible = 0;
			defaultConfigurationName = Release;
		};
		B52C6DB319EC802E00F8D7E2 /* Build configuration list for PBXNativeTarget "TicTacToeSwiftSpecs" */ = {
			isa = XCConfigurationList;
			buildConfigurations = (
				B52C6DB419EC802E00F8D7E2 /* Debug */,
				B52C6DB519EC802E00F8D7E2 /* Release */,
			);
			defaultConfigurationIsVisible = 0;
			defaultConfigurationName = Release;
		};
/* End XCConfigurationList section */
	};
	rootObject = B52C6D6B19EC7FDA00F8D7E2 /* Project object */;
}
